
Microsoft Visual Studio Solution File, Format Version 12.00
# Visual Studio Version 17
VisualStudioVersion = 17.7.34221.43
MinimumVisualStudioVersion = 10.0.40219.1
Project("{FAE04EC0-301F-11D3-BF4B-00C04F79EFBC}") = "YapiciMetodEv", "YapiciMetodEv\YapiciMetodEv.csproj", "{7CF3915E-85C4-4DE0-A2DC-CF96189011E4}"
EndProject
Global
	GlobalSection(SolutionConfigurationPlatforms) = preSolution
		Debug|Any CPU = Debug|Any CPU
		Release|Any CPU = Release|Any CPU
	EndGlobalSection
	GlobalSection(ProjectConfigurationPlatforms) = postSolution
		{7CF3915E-85C4-4DE0-A2DC-CF96189011E4}.Debug|Any CPU.ActiveCfg = Debug|Any CPU
		{7CF3915E-85C4-4DE0-A2DC-CF96189011E4}.Debug|Any CPU.Build.0 = Debug|Any CPU
		{7CF3915E-85C4-4DE0-A2DC-CF96189011E4}.Release|Any CPU.ActiveCfg = Release|Any CPU
		{7CF3915E-85C4-4DE0-A2DC-CF96189011E4}.Release|Any CPU.Build.0 = Release|Any CPU
	EndGlobalSection
	GlobalSection(SolutionProperties) = preSolution
		HideSolutionNode = FALSE
	EndGlobalSection
	GlobalSection(ExtensibilityGlobals) = postSolution
		SolutionGuid = {A31FBAA9-8C71-4E46-8736-48F677BDED7A}
	EndGlobalSection
EndGlobal
